
Microsoft Visual Studio Solution File, Format Version 12.00
# Visual Studio Version 17
VisualStudioVersion = 17.3.32929.385
MinimumVisualStudioVersion = 10.0.40219.1
Project("{9A19103F-16F7-4668-BE54-9A1E7A4F7556}") = "az-function-cs-cqs-pattern", "az-function-cs-cqs-pattern\az-function-cs-cqs-pattern.csproj", "{CA2E0080-A2DA-4D7A-9BBC-29A979AC864B}"
EndProject
Project("{9A19103F-16F7-4668-BE54-9A1E7A4F7556}") = "Tests", "Tests\Tests.csproj", "{6B46432C-4CCC-4BC0-992B-D32B5B1E4633}"
EndProject
Project("{FAE04EC0-301F-11D3-BF4B-00C04F79EFBC}") = "az-functions-cs-cqs-pattern.Code", "az-functions-cs-cqs-pattern.Code\az-functions-cs-cqs-pattern.Code.csproj", "{8C26013E-FEDD-4417-9051-42506E040103}"
EndProject
Project("{FAE04EC0-301F-11D3-BF4B-00C04F79EFBC}") = "az-function-cs-cqs-pattern-isolated", "az-function-cs-cqs-pattern-isolated\az-function-cs-cqs-pattern-isolated.csproj", "{DA593C1E-DE04-44FB-B5B9-498920562320}"
EndProject
Project("{FAE04EC0-301F-11D3-BF4B-00C04F79EFBC}") = "az-function-queue-trigger-isolated", "az-function-queue-trigger-isolated\az-function-queue-trigger-isolated.csproj", "{9E64260F-5E18-4C23-B142-955A2FC9E60D}"
EndProject
Global
	GlobalSection(SolutionConfigurationPlatforms) = preSolution
		Debug|Any CPU = Debug|Any CPU
		Release|Any CPU = Release|Any CPU
	EndGlobalSection
	GlobalSection(ProjectConfigurationPlatforms) = postSolution
		{CA2E0080-A2DA-4D7A-9BBC-29A979AC864B}.Debug|Any CPU.ActiveCfg = Debug|Any CPU
		{CA2E0080-A2DA-4D7A-9BBC-29A979AC864B}.Debug|Any CPU.Build.0 = Debug|Any CPU
		{CA2E0080-A2DA-4D7A-9BBC-29A979AC864B}.Release|Any CPU.ActiveCfg = Release|Any CPU
		{CA2E0080-A2DA-4D7A-9BBC-29A979AC864B}.Release|Any CPU.Build.0 = Release|Any CPU
		{6B46432C-4CCC-4BC0-992B-D32B5B1E4633}.Debug|Any CPU.ActiveCfg = Debug|Any CPU
		{6B46432C-4CCC-4BC0-992B-D32B5B1E4633}.Debug|Any CPU.Build.0 = Debug|Any CPU
		{6B46432C-4CCC-4BC0-992B-D32B5B1E4633}.Release|Any CPU.ActiveCfg = Release|Any CPU
		{6B46432C-4CCC-4BC0-992B-D32B5B1E4633}.Release|Any CPU.Build.0 = Release|Any CPU
		{8C26013E-FEDD-4417-9051-42506E040103}.Debug|Any CPU.ActiveCfg = Debug|Any CPU
		{8C26013E-FEDD-4417-9051-42506E040103}.Debug|Any CPU.Build.0 = Debug|Any CPU
		{8C26013E-FEDD-4417-9051-42506E040103}.Release|Any CPU.ActiveCfg = Release|Any CPU
		{8C26013E-FEDD-4417-9051-42506E040103}.Release|Any CPU.Build.0 = Release|Any CPU
		{DA593C1E-DE04-44FB-B5B9-498920562320}.Debug|Any CPU.ActiveCfg = Debug|Any CPU
		{DA593C1E-DE04-44FB-B5B9-498920562320}.Debug|Any CPU.Build.0 = Debug|Any CPU
		{DA593C1E-DE04-44FB-B5B9-498920562320}.Release|Any CPU.ActiveCfg = Release|Any CPU
		{DA593C1E-DE04-44FB-B5B9-498920562320}.Release|Any CPU.Build.0 = Release|Any CPU
		{9E64260F-5E18-4C23-B142-955A2FC9E60D}.Debug|Any CPU.ActiveCfg = Debug|Any CPU
		{9E64260F-5E18-4C23-B142-955A2FC9E60D}.Debug|Any CPU.Build.0 = Debug|Any CPU
		{9E64260F-5E18-4C23-B142-955A2FC9E60D}.Release|Any CPU.ActiveCfg = Release|Any CPU
		{9E64260F-5E18-4C23-B142-955A2FC9E60D}.Release|Any CPU.Build.0 = Release|Any CPU
	EndGlobalSection
	GlobalSection(SolutionProperties) = preSolution
		HideSolutionNode = FALSE
	EndGlobalSection
	GlobalSection(ExtensibilityGlobals) = postSolution
		SolutionGuid = {BF453203-6180-4C8E-8157-89E0AE194B4D}
	EndGlobalSection
EndGlobal
