
Microsoft Visual Studio Solution File, Format Version 12.00
# Visual Studio Version 16
VisualStudioVersion = 16.0.30804.86
MinimumVisualStudioVersion = 10.0.40219.1
Project("{FAE04EC0-301F-11D3-BF4B-00C04F79EFBC}") = "template-az-function-cs-cqs-pattern", "template-az-function-cs-cqs-pattern\template-az-function-cs-cqs-pattern.csproj", "{CA2E0080-A2DA-4D7A-9BBC-29A979AC864B}"
EndProject
Global
	GlobalSection(SolutionConfigurationPlatforms) = preSolution
		Debug|Any CPU = Debug|Any CPU
		Release|Any CPU = Release|Any CPU
	EndGlobalSection
	GlobalSection(ProjectConfigurationPlatforms) = postSolution
		{CA2E0080-A2DA-4D7A-9BBC-29A979AC864B}.Debug|Any CPU.ActiveCfg = Debug|Any CPU
		{CA2E0080-A2DA-4D7A-9BBC-29A979AC864B}.Debug|Any CPU.Build.0 = Debug|Any CPU
		{CA2E0080-A2DA-4D7A-9BBC-29A979AC864B}.Release|Any CPU.ActiveCfg = Release|Any CPU
		{CA2E0080-A2DA-4D7A-9BBC-29A979AC864B}.Release|Any CPU.Build.0 = Release|Any CPU
	EndGlobalSection
	GlobalSection(SolutionProperties) = preSolution
		HideSolutionNode = FALSE
	EndGlobalSection
	GlobalSection(ExtensibilityGlobals) = postSolution
		SolutionGuid = {BF453203-6180-4C8E-8157-89E0AE194B4D}
	EndGlobalSection
EndGlobal
